// !$*UTF8*$!
{
	archiveVersion = 1;
	classes = {
	};
	objectVersion = 46;
	objects = {

/* Begin PBXBuildFile section */
		7F259BC319422E27002E12F0 /* Foundation.framework in Frameworks */ = {isa = PBXBuildFile; fileRef = 7F259BC219422E27002E12F0 /* Foundation.framework */; };
		7F259BC519422E27002E12F0 /* CoreGraphics.framework in Frameworks */ = {isa = PBXBuildFile; fileRef = 7F259BC419422E27002E12F0 /* CoreGraphics.framework */; };
		7F259BC719422E27002E12F0 /* UIKit.framework in Frameworks */ = {isa = PBXBuildFile; fileRef = 7F259BC619422E27002E12F0 /* UIKit.framework */; };
		7F259BCD19422E27002E12F0 /* InfoPlist.strings in Resources */ = {isa = PBXBuildFile; fileRef = 7F259BCB19422E27002E12F0 /* InfoPlist.strings */; };
		7F259BCF19422E27002E12F0 /* main.m in Sources */ = {isa = PBXBuildFile; fileRef = 7F259BCE19422E27002E12F0 /* main.m */; };
		7F259BD319422E27002E12F0 /* CHEAppDelegate.m in Sources */ = {isa = PBXBuildFile; fileRef = 7F259BD219422E27002E12F0 /* CHEAppDelegate.m */; };
		7F259BD619422E27002E12F0 /* Main.storyboard in Resources */ = {isa = PBXBuildFile; fileRef = 7F259BD419422E27002E12F0 /* Main.storyboard */; };
		7F259BDB19422E27002E12F0 /* Images.xcassets in Resources */ = {isa = PBXBuildFile; fileRef = 7F259BDA19422E27002E12F0 /* Images.xcassets */; };
		7F259BE219422E28002E12F0 /* XCTest.framework in Frameworks */ = {isa = PBXBuildFile; fileRef = 7F259BE119422E28002E12F0 /* XCTest.framework */; };
		7F259BE319422E28002E12F0 /* Foundation.framework in Frameworks */ = {isa = PBXBuildFile; fileRef = 7F259BC219422E27002E12F0 /* Foundation.framework */; };
		7F259BE419422E28002E12F0 /* UIKit.framework in Frameworks */ = {isa = PBXBuildFile; fileRef = 7F259BC619422E27002E12F0 /* UIKit.framework */; };
		7F259BEC19422E28002E12F0 /* InfoPlist.strings in Resources */ = {isa = PBXBuildFile; fileRef = 7F259BEA19422E28002E12F0 /* InfoPlist.strings */; };
		7F259BEE19422E28002E12F0 /* Chetan_test1Tests.m in Sources */ = {isa = PBXBuildFile; fileRef = 7F259BED19422E28002E12F0 /* Chetan_test1Tests.m */; };
		7F259BF919422E74002E12F0 /* CHESwitchViewController.m in Sources */ = {isa = PBXBuildFile; fileRef = 7F259BF819422E74002E12F0 /* CHESwitchViewController.m */; };
		7F259BFC19422EDD002E12F0 /* CHEBlueViewController.m in Sources */ = {isa = PBXBuildFile; fileRef = 7F259BFB19422EDD002E12F0 /* CHEBlueViewController.m */; };
		7F259BFF19422F2F002E12F0 /* CHEYellowViewController.m in Sources */ = {isa = PBXBuildFile; fileRef = 7F259BFE19422F2F002E12F0 /* CHEYellowViewController.m */; };
/* End PBXBuildFile section */

/* Begin PBXContainerItemProxy section */
		7F259BE519422E28002E12F0 /* PBXContainerItemProxy */ = {
			isa = PBXContainerItemProxy;
			containerPortal = 7F259BB719422E27002E12F0 /* Project object */;
			proxyType = 1;
			remoteGlobalIDString = 7F259BBE19422E27002E12F0;
			remoteInfo = Chetan_test1;
		};
/* End PBXContainerItemProxy section */

/* Begin PBXFileReference section */
		7F259BBF19422E27002E12F0 /* Chetan_test1.app */ = {isa = PBXFileReference; explicitFileType = wrapper.application; includeInIndex = 0; path = Chetan_test1.app; sourceTree = BUILT_PRODUCTS_DIR; };
		7F259BC219422E27002E12F0 /* Foundation.framework */ = {isa = PBXFileReference; lastKnownFileType = wrapper.framework; name = Foundation.framework; path = System/Library/Frameworks/Foundation.framework; sourceTree = SDKROOT; };
		7F259BC419422E27002E12F0 /* CoreGraphics.framework */ = {isa = PBXFileReference; lastKnownFileType = wrapper.framework; name = CoreGraphics.framework; path = System/Library/Frameworks/CoreGraphics.framework; sourceTree = SDKROOT; };
		7F259BC619422E27002E12F0 /* UIKit.framework */ = {isa = PBXFileReference; lastKnownFileType = wrapper.framework; name = UIKit.framework; path = System/Library/Frameworks/UIKit.framework; sourceTree = SDKROOT; };
		7F259BCA19422E27002E12F0 /* Chetan_test1-Info.plist */ = {isa = PBXFileReference; lastKnownFileType = text.plist.xml; path = "Chetan_test1-Info.plist"; sourceTree = "<group>"; };
		7F259BCC19422E27002E12F0 /* en */ = {isa = PBXFileReference; lastKnownFileType = text.plist.strings; name = en; path = en.lproj/InfoPlist.strings; sourceTree = "<group>"; };
		7F259BCE19422E27002E12F0 /* main.m */ = {isa = PBXFileReference; lastKnownFileType = sourcecode.c.objc; path = main.m; sourceTree = "<group>"; };
		7F259BD019422E27002E12F0 /* Chetan_test1-Prefix.pch */ = {isa = PBXFileReference; lastKnownFileType = sourcecode.c.h; path = "Chetan_test1-Prefix.pch"; sourceTree = "<group>"; };
		7F259BD119422E27002E12F0 /* CHEAppDelegate.h */ = {isa = PBXFileReference; lastKnownFileType = sourcecode.c.h; path = CHEAppDelegate.h; sourceTree = "<group>"; };
		7F259BD219422E27002E12F0 /* CHEAppDelegate.m */ = {isa = PBXFileReference; lastKnownFileType = sourcecode.c.objc; path = CHEAppDelegate.m; sourceTree = "<group>"; };
		7F259BD519422E27002E12F0 /* Base */ = {isa = PBXFileReference; lastKnownFileType = file.storyboard; name = Base; path = Base.lproj/Main.storyboard; sourceTree = "<group>"; };
		7F259BDA19422E27002E12F0 /* Images.xcassets */ = {isa = PBXFileReference; lastKnownFileType = folder.assetcatalog; path = Images.xcassets; sourceTree = "<group>"; };
		7F259BE019422E28002E12F0 /* Chetan_test1Tests.xctest */ = {isa = PBXFileReference; explicitFileType = wrapper.cfbundle; includeInIndex = 0; path = Chetan_test1Tests.xctest; sourceTree = BUILT_PRODUCTS_DIR; };
		7F259BE119422E28002E12F0 /* XCTest.framework */ = {isa = PBXFileReference; lastKnownFileType = wrapper.framework; name = XCTest.framework; path = Library/Frameworks/XCTest.framework; sourceTree = DEVELOPER_DIR; };
		7F259BE919422E28002E12F0 /* Chetan_test1Tests-Info.plist */ = {isa = PBXFileReference; lastKnownFileType = text.plist.xml; path = "Chetan_test1Tests-Info.plist"; sourceTree = "<group>"; };
		7F259BEB19422E28002E12F0 /* en */ = {isa = PBXFileReference; lastKnownFileType = text.plist.strings; name = en; path = en.lproj/InfoPlist.strings; sourceTree = "<group>"; };
		7F259BED19422E28002E12F0 /* Chetan_test1Tests.m */ = {isa = PBXFileReference; lastKnownFileType = sourcecode.c.objc; path = Chetan_test1Tests.m; sourceTree = "<group>"; };
		7F259BF719422E74002E12F0 /* CHESwitchViewController.h */ = {isa = PBXFileReference; fileEncoding = 4; lastKnownFileType = sourcecode.c.h; path = CHESwitchViewController.h; sourceTree = "<group>"; };
		7F259BF819422E74002E12F0 /* CHESwitchViewController.m */ = {isa = PBXFileReference; fileEncoding = 4; lastKnownFileType = sourcecode.c.objc; path = CHESwitchViewController.m; sourceTree = "<group>"; };
		7F259BFA19422EDD002E12F0 /* CHEBlueViewController.h */ = {isa = PBXFileReference; fileEncoding = 4; lastKnownFileType = sourcecode.c.h; path = CHEBlueViewController.h; sourceTree = "<group>"; };
		7F259BFB19422EDD002E12F0 /* CHEBlueViewController.m */ = {isa = PBXFileReference; fileEncoding = 4; lastKnownFileType = sourcecode.c.objc; path = CHEBlueViewController.m; sourceTree = "<group>"; };
		7F259BFD19422F2F002E12F0 /* CHEYellowViewController.h */ = {isa = PBXFileReference; fileEncoding = 4; lastKnownFileType = sourcecode.c.h; path = CHEYellowViewController.h; sourceTree = "<group>"; };
		7F259BFE19422F2F002E12F0 /* CHEYellowViewController.m */ = {isa = PBXFileReference; fileEncoding = 4; lastKnownFileType = sourcecode.c.objc; path = CHEYellowViewController.m; sourceTree = "<group>"; };
/* End PBXFileReference section */

/* Begin PBXFrameworksBuildPhase section */
		7F259BBC19422E27002E12F0 /* Frameworks */ = {
			isa = PBXFrameworksBuildPhase;
			buildActionMask = 2147483647;
			files = (
				7F259BC519422E27002E12F0 /* CoreGraphics.framework in Frameworks */,
				7F259BC719422E27002E12F0 /* UIKit.framework in Frameworks */,
				7F259BC319422E27002E12F0 /* Foundation.framework in Frameworks */,
			);
			runOnlyForDeploymentPostprocessing = 0;
		};
		7F259BDD19422E28002E12F0 /* Frameworks */ = {
			isa = PBXFrameworksBuildPhase;
			buildActionMask = 2147483647;
			files = (
				7F259BE219422E28002E12F0 /* XCTest.framework in Frameworks */,
				7F259BE419422E28002E12F0 /* UIKit.framework in Frameworks */,
				7F259BE319422E28002E12F0 /* Foundation.framework in Frameworks */,
			);
			runOnlyForDeploymentPostprocessing = 0;
		};
/* End PBXFrameworksBuildPhase section */

/* Begin PBXGroup section */
		7F259BB619422E27002E12F0 = {
			isa = PBXGroup;
			children = (
				7F259BC819422E27002E12F0 /* Chetan_test1 */,
				7F259BE719422E28002E12F0 /* Chetan_test1Tests */,
				7F259BC119422E27002E12F0 /* Frameworks */,
				7F259BC019422E27002E12F0 /* Products */,
			);
			sourceTree = "<group>";
		};
		7F259BC019422E27002E12F0 /* Products */ = {
			isa = PBXGroup;
			children = (
				7F259BBF19422E27002E12F0 /* Chetan_test1.app */,
				7F259BE019422E28002E12F0 /* Chetan_test1Tests.xctest */,
			);
			name = Products;
			sourceTree = "<group>";
		};
		7F259BC119422E27002E12F0 /* Frameworks */ = {
			isa = PBXGroup;
			children = (
				7F259BC219422E27002E12F0 /* Foundation.framework */,
				7F259BC419422E27002E12F0 /* CoreGraphics.framework */,
				7F259BC619422E27002E12F0 /* UIKit.framework */,
				7F259BE119422E28002E12F0 /* XCTest.framework */,
			);
			name = Frameworks;
			sourceTree = "<group>";
		};
		7F259BC819422E27002E12F0 /* Chetan_test1 */ = {
			isa = PBXGroup;
			children = (
				7F259BD119422E27002E12F0 /* CHEAppDelegate.h */,
				7F259BD219422E27002E12F0 /* CHEAppDelegate.m */,
				7F259BD419422E27002E12F0 /* Main.storyboard */,
				7F259BDA19422E27002E12F0 /* Images.xcassets */,
				7F259BC919422E27002E12F0 /* Supporting Files */,
			);
			path = Chetan_test1;
			sourceTree = "<group>";
		};
		7F259BC919422E27002E12F0 /* Supporting Files */ = {
			isa = PBXGroup;
			children = (
				7F259BF719422E74002E12F0 /* CHESwitchViewController.h */,
				7F259BF819422E74002E12F0 /* CHESwitchViewController.m */,
				7F259BFA19422EDD002E12F0 /* CHEBlueViewController.h */,
				7F259BFB19422EDD002E12F0 /* CHEBlueViewController.m */,
				7F259BFD19422F2F002E12F0 /* CHEYellowViewController.h */,
				7F259BFE19422F2F002E12F0 /* CHEYellowViewController.m */,
				7F259BCA19422E27002E12F0 /* Chetan_test1-Info.plist */,
				7F259BCB19422E27002E12F0 /* InfoPlist.strings */,
				7F259BCE19422E27002E12F0 /* main.m */,
				7F259BD019422E27002E12F0 /* Chetan_test1-Prefix.pch */,
			);
			name = "Supporting Files";
			sourceTree = "<group>";
		};
		7F259BE719422E28002E12F0 /* Chetan_test1Tests */ = {
			isa = PBXGroup;
			children = (
				7F259BED19422E28002E12F0 /* Chetan_test1Tests.m */,
				7F259BE819422E28002E12F0 /* Supporting Files */,
			);
			path = Chetan_test1Tests;
			sourceTree = "<group>";
		};
		7F259BE819422E28002E12F0 /* Supporting Files */ = {
			isa = PBXGroup;
			children = (
				7F259BE919422E28002E12F0 /* Chetan_test1Tests-Info.plist */,
				7F259BEA19422E28002E12F0 /* InfoPlist.strings */,
			);
			name = "Supporting Files";
			sourceTree = "<group>";
		};
/* End PBXGroup section */

/* Begin PBXNativeTarget section */
		7F259BBE19422E27002E12F0 /* Chetan_test1 */ = {
			isa = PBXNativeTarget;
			buildConfigurationList = 7F259BF119422E28002E12F0 /* Build configuration list for PBXNativeTarget "Chetan_test1" */;
			buildPhases = (
				7F259BBB19422E27002E12F0 /* Sources */,
				7F259BBC19422E27002E12F0 /* Frameworks */,
				7F259BBD19422E27002E12F0 /* Resources */,
			);
			buildRules = (
			);
			dependencies = (
			);
			name = Chetan_test1;
			productName = Chetan_test1;
			productReference = 7F259BBF19422E27002E12F0 /* Chetan_test1.app */;
			productType = "com.apple.product-type.application";
		};
		7F259BDF19422E28002E12F0 /* Chetan_test1Tests */ = {
			isa = PBXNativeTarget;
			buildConfigurationList = 7F259BF419422E28002E12F0 /* Build configuration list for PBXNativeTarget "Chetan_test1Tests" */;
			buildPhases = (
				7F259BDC19422E28002E12F0 /* Sources */,
				7F259BDD19422E28002E12F0 /* Frameworks */,
				7F259BDE19422E28002E12F0 /* Resources */,
			);
			buildRules = (
			);
			dependencies = (
				7F259BE619422E28002E12F0 /* PBXTargetDependency */,
			);
			name = Chetan_test1Tests;
			productName = Chetan_test1Tests;
			productReference = 7F259BE019422E28002E12F0 /* Chetan_test1Tests.xctest */;
			productType = "com.apple.product-type.bundle.unit-test";
		};
/* End PBXNativeTarget section */

/* Begin PBXProject section */
		7F259BB719422E27002E12F0 /* Project object */ = {
			isa = PBXProject;
			attributes = {
				CLASSPREFIX = CHE;
				LastUpgradeCheck = 0510;
				ORGANIZATIONNAME = "Cester College";
				TargetAttributes = {
					7F259BDF19422E28002E12F0 = {
						TestTargetID = 7F259BBE19422E27002E12F0;
					};
				};
			};
			buildConfigurationList = 7F259BBA19422E27002E12F0 /* Build configuration list for PBXProject "Chetan_test1" */;
			compatibilityVersion = "Xcode 3.2";
			developmentRegion = English;
			hasScannedForEncodings = 0;
			knownRegions = (
				en,
				Base,
			);
			mainGroup = 7F259BB619422E27002E12F0;
			productRefGroup = 7F259BC019422E27002E12F0 /* Products */;
			projectDirPath = "";
			projectRoot = "";
			targets = (
				7F259BBE19422E27002E12F0 /* Chetan_test1 */,
				7F259BDF19422E28002E12F0 /* Chetan_test1Tests */,
			);
		};
/* End PBXProject section */

/* Begin PBXResourcesBuildPhase section */
		7F259BBD19422E27002E12F0 /* Resources */ = {
			isa = PBXResourcesBuildPhase;
			buildActionMask = 2147483647;
			files = (
				7F259BDB19422E27002E12F0 /* Images.xcassets in Resources */,
				7F259BCD19422E27002E12F0 /* InfoPlist.strings in Resources */,
				7F259BD619422E27002E12F0 /* Main.storyboard in Resources */,
			);
			runOnlyForDeploymentPostprocessing = 0;
		};
		7F259BDE19422E28002E12F0 /* Resources */ = {
			isa = PBXResourcesBuildPhase;
			buildActionMask = 2147483647;
			files = (
				7F259BEC19422E28002E12F0 /* InfoPlist.strings in Resources */,
			);
			runOnlyForDeploymentPostprocessing = 0;
		};
/* End PBXResourcesBuildPhase section */

/* Begin PBXSourcesBuildPhase section */
		7F259BBB19422E27002E12F0 /* Sources */ = {
			isa = PBXSourcesBuildPhase;
			buildActionMask = 2147483647;
			files = (
				7F259BF919422E74002E12F0 /* CHESwitchViewController.m in Sources */,
				7F259BFC19422EDD002E12F0 /* CHEBlueViewController.m in Sources */,
				7F259BCF19422E27002E12F0 /* main.m in Sources */,
				7F259BD319422E27002E12F0 /* CHEAppDelegate.m in Sources */,
				7F259BFF19422F2F002E12F0 /* CHEYellowViewController.m in Sources */,
			);
			runOnlyForDeploymentPostprocessing = 0;
		};
		7F259BDC19422E28002E12F0 /* Sources */ = {
			isa = PBXSourcesBuildPhase;
			buildActionMask = 2147483647;
			files = (
				7F259BEE19422E28002E12F0 /* Chetan_test1Tests.m in Sources */,
			);
			runOnlyForDeploymentPostprocessing = 0;
		};
/* End PBXSourcesBuildPhase section */

/* Begin PBXTargetDependency section */
		7F259BE619422E28002E12F0 /* PBXTargetDependency */ = {
			isa = PBXTargetDependency;
			target = 7F259BBE19422E27002E12F0 /* Chetan_test1 */;
			targetProxy = 7F259BE519422E28002E12F0 /* PBXContainerItemProxy */;
		};
/* End PBXTargetDependency section */

/* Begin PBXVariantGroup section */
		7F259BCB19422E27002E12F0 /* InfoPlist.strings */ = {
			isa = PBXVariantGroup;
			children = (
				7F259BCC19422E27002E12F0 /* en */,
			);
			name = InfoPlist.strings;
			sourceTree = "<group>";
		};
		7F259BD419422E27002E12F0 /* Main.storyboard */ = {
			isa = PBXVariantGroup;
			children = (
				7F259BD519422E27002E12F0 /* Base */,
			);
			name = Main.storyboard;
			sourceTree = "<group>";
		};
		7F259BEA19422E28002E12F0 /* InfoPlist.strings */ = {
			isa = PBXVariantGroup;
			children = (
				7F259BEB19422E28002E12F0 /* en */,
			);
			name = InfoPlist.strings;
			sourceTree = "<group>";
		};
/* End PBXVariantGroup section */

/* Begin XCBuildConfiguration section */
		7F259BEF19422E28002E12F0 /* Debug */ = {
			isa = XCBuildConfiguration;
			buildSettings = {
				ALWAYS_SEARCH_USER_PATHS = NO;
				CLANG_CXX_LANGUAGE_STANDARD = "gnu++0x";
				CLANG_CXX_LIBRARY = "libc++";
				CLANG_ENABLE_MODULES = YES;
				CLANG_ENABLE_OBJC_ARC = YES;
				CLANG_WARN_BOOL_CONVERSION = YES;
				CLANG_WARN_CONSTANT_CONVERSION = YES;
				CLANG_WARN_DIRECT_OBJC_ISA_USAGE = YES_ERROR;
				CLANG_WARN_EMPTY_BODY = YES;
				CLANG_WARN_ENUM_CONVERSION = YES;
				CLANG_WARN_INT_CONVERSION = YES;
				CLANG_WARN_OBJC_ROOT_CLASS = YES_ERROR;
				CLANG_WARN__DUPLICATE_METHOD_MATCH = YES;
				"CODE_SIGN_IDENTITY[sdk=iphoneos*]" = "iPhone Developer";
				COPY_PHASE_STRIP = NO;
				GCC_C_LANGUAGE_STANDARD = gnu99;
				GCC_DYNAMIC_NO_PIC = NO;
				GCC_OPTIMIZATION_LEVEL = 0;
				GCC_PREPROCESSOR_DEFINITIONS = (
					"DEBUG=1",
					"$(inherited)",
				);
				GCC_SYMBOLS_PRIVATE_EXTERN = NO;
				GCC_WARN_64_TO_32_BIT_CONVERSION = YES;
				GCC_WARN_ABOUT_RETURN_TYPE = YES_ERROR;
				GCC_WARN_UNDECLARED_SELECTOR = YES;
				GCC_WARN_UNINITIALIZED_AUTOS = YES_AGGRESSIVE;
				GCC_WARN_UNUSED_FUNCTION = YES;
				GCC_WARN_UNUSED_VARIABLE = YES;
				IPHONEOS_DEPLOYMENT_TARGET = 7.1;
				ONLY_ACTIVE_ARCH = YES;
				SDKROOT = iphoneos;
			};
			name = Debug;
		};
		7F259BF019422E28002E12F0 /* Release */ = {
			isa = XCBuildConfiguration;
			buildSettings = {
				ALWAYS_SEARCH_USER_PATHS = NO;
				CLANG_CXX_LANGUAGE_STANDARD = "gnu++0x";
				CLANG_CXX_LIBRARY = "libc++";
				CLANG_ENABLE_MODULES = YES;
				CLANG_ENABLE_OBJC_ARC = YES;
				CLANG_WARN_BOOL_CONVERSION = YES;
				CLANG_WARN_CONSTANT_CONVERSION = YES;
				CLANG_WARN_DIRECT_OBJC_ISA_USAGE = YES_ERROR;
				CLANG_WARN_EMPTY_BODY = YES;
				CLANG_WARN_ENUM_CONVERSION = YES;
				CLANG_WARN_INT_CONVERSION = YES;
				CLANG_WARN_OBJC_ROOT_CLASS = YES_ERROR;
				CLANG_WARN__DUPLICATE_METHOD_MATCH = YES;
				"CODE_SIGN_IDENTITY[sdk=iphoneos*]" = "iPhone Developer";
				COPY_PHASE_STRIP = YES;
				ENABLE_NS_ASSERTIONS = NO;
				GCC_C_LANGUAGE_STANDARD = gnu99;
				GCC_WARN_64_TO_32_BIT_CONVERSION = YES;
				GCC_WARN_ABOUT_RETURN_TYPE = YES_ERROR;
				GCC_WARN_UNDECLARED_SELECTOR = YES;
				GCC_WARN_UNINITIALIZED_AUTOS = YES_AGGRESSIVE;
				GCC_WARN_UNUSED_FUNCTION = YES;
				GCC_WARN_UNUSED_VARIABLE = YES;
				IPHONEOS_DEPLOYMENT_TARGET = 7.1;
				SDKROOT = iphoneos;
				VALIDATE_PRODUCT = YES;
			};
			name = Release;
		};
		7F259BF219422E28002E12F0 /* Debug */ = {
			isa = XCBuildConfiguration;
			buildSettings = {
				ASSETCATALOG_COMPILER_APPICON_NAME = AppIcon;
				ASSETCATALOG_COMPILER_LAUNCHIMAGE_NAME = LaunchImage;
				GCC_PRECOMPILE_PREFIX_HEADER = YES;
				GCC_PREFIX_HEADER = "Chetan_test1/Chetan_test1-Prefix.pch";
				INFOPLIST_FILE = "Chetan_test1/Chetan_test1-Info.plist";
				PRODUCT_NAME = "$(TARGET_NAME)";
				WRAPPER_EXTENSION = app;
			};
			name = Debug;
		};
		7F259BF319422E28002E12F0 /* Release */ = {
			isa = XCBuildConfiguration;
			buildSettings = {
				ASSETCATALOG_COMPILER_APPICON_NAME = AppIcon;
				ASSETCATALOG_COMPILER_LAUNCHIMAGE_NAME = LaunchImage;
				GCC_PRECOMPILE_PREFIX_HEADER = YES;
				GCC_PREFIX_HEADER = "Chetan_test1/Chetan_test1-Prefix.pch";
				INFOPLIST_FILE = "Chetan_test1/Chetan_test1-Info.plist";
				PRODUCT_NAME = "$(TARGET_NAME)";
				WRAPPER_EXTENSION = app;
			};
			name = Release;
		};
		7F259BF519422E28002E12F0 /* Debug */ = {
			isa = XCBuildConfiguration;
			buildSettings = {
				BUNDLE_LOADER = "$(BUILT_PRODUCTS_DIR)/Chetan_test1.app/Chetan_test1";
				FRAMEWORK_SEARCH_PATHS = (
					"$(SDKROOT)/Developer/Library/Frameworks",
					"$(inherited)",
					"$(DEVELOPER_FRAMEWORKS_DIR)",
				);
				GCC_PRECOMPILE_PREFIX_HEADER = YES;
				GCC_PREFIX_HEADER = "Chetan_test1/Chetan_test1-Prefix.pch";
				GCC_PREPROCESSOR_DEFINITIONS = (
					"DEBUG=1",
					"$(inherited)",
				);
				INFOPLIST_FILE = "Chetan_test1Tests/Chetan_test1Tests-Info.plist";
				PRODUCT_NAME = "$(TARGET_NAME)";
				TEST_HOST = "$(BUNDLE_LOADER)";
				WRAPPER_EXTENSION = xctest;
			};
			name = Debug;
		};
		7F259BF619422E28002E12F0 /* Release */ = {
			isa = XCBuildConfiguration;
			buildSettings = {
				BUNDLE_LOADER = "$(BUILT_PRODUCTS_DIR)/Chetan_test1.app/Chetan_test1";
				FRAMEWORK_SEARCH_PATHS = (
					"$(SDKROOT)/Developer/Library/Frameworks",
					"$(inherited)",
					"$(DEVELOPER_FRAMEWORKS_DIR)",
				);
				GCC_PRECOMPILE_PREFIX_HEADER = YES;
				GCC_PREFIX_HEADER = "Chetan_test1/Chetan_test1-Prefix.pch";
				INFOPLIST_FILE = "Chetan_test1Tests/Chetan_test1Tests-Info.plist";
				PRODUCT_NAME = "$(TARGET_NAME)";
				TEST_HOST = "$(BUNDLE_LOADER)";
				WRAPPER_EXTENSION = xctest;
			};
			name = Release;
		};
/* End XCBuildConfiguration section */

/* Begin XCConfigurationList section */
		7F259BBA19422E27002E12F0 /* Build configuration list for PBXProject "Chetan_test1" */ = {
			isa = XCConfigurationList;
			buildConfigurations = (
				7F259BEF19422E28002E12F0 /* Debug */,
				7F259BF019422E28002E12F0 /* Release */,
			);
			defaultConfigurationIsVisible = 0;
			defaultConfigurationName = Release;
		};
		7F259BF119422E28002E12F0 /* Build configuration list for PBXNativeTarget "Chetan_test1" */ = {
			isa = XCConfigurationList;
			buildConfigurations = (
				7F259BF219422E28002E12F0 /* Debug */,
				7F259BF319422E28002E12F0 /* Release */,
			);
			defaultConfigurationIsVisible = 0;
		};
		7F259BF419422E28002E12F0 /* Build configuration list for PBXNativeTarget "Chetan_test1Tests" */ = {
			isa = XCConfigurationList;
			buildConfigurations = (
				7F259BF519422E28002E12F0 /* Debug */,
				7F259BF619422E28002E12F0 /* Release */,
			);
			defaultConfigurationIsVisible = 0;
		};
/* End XCConfigurationList section */
	};
	rootObject = 7F259BB719422E27002E12F0 /* Project object */;
}
